
Microsoft Visual Studio Solution File, Format Version 12.00
# Visual Studio Version 17
VisualStudioVersion = 17.1.32210.238
MinimumVisualStudioVersion = 10.0.40219.1
Project("{8BC9CEB8-8B4A-11D0-8D11-00A0C91BC942}") = "CameraModel", "CameraModel\CameraModel.vcxproj", "{16E19888-DC17-48CF-87BE-5F7E15197D06}"
EndProject
Project("{8BC9CEB8-8B4A-11D0-8D11-00A0C91BC942}") = "CameraModelTest", "CameraModelTest\CameraModelTest.vcxproj", "{C08A2B89-D56F-417E-96EF-DB3836BC2F84}"
EndProject
Project("{8BC9CEB8-8B4A-11D0-8D11-00A0C91BC942}") = "CalculateImageDepth", "CalculateImageDepth\CalculateImageDepth.vcxproj", "{3942898B-D2A9-48D5-A571-D696CF103968}"
EndProject
Global
	GlobalSection(SolutionConfigurationPlatforms) = preSolution
		Debug|x64 = Debug|x64
		Debug|x86 = Debug|x86
		Release|x64 = Release|x64
		Release|x86 = Release|x86
	EndGlobalSection
	GlobalSection(ProjectConfigurationPlatforms) = postSolution
		{16E19888-DC17-48CF-87BE-5F7E15197D06}.Debug|x64.ActiveCfg = Debug|x64
		{16E19888-DC17-48CF-87BE-5F7E15197D06}.Debug|x64.Build.0 = Debug|x64
		{16E19888-DC17-48CF-87BE-5F7E15197D06}.Debug|x86.ActiveCfg = Debug|Win32
		{16E19888-DC17-48CF-87BE-5F7E15197D06}.Debug|x86.Build.0 = Debug|Win32
		{16E19888-DC17-48CF-87BE-5F7E15197D06}.Release|x64.ActiveCfg = Release|x64
		{16E19888-DC17-48CF-87BE-5F7E15197D06}.Release|x64.Build.0 = Release|x64
		{16E19888-DC17-48CF-87BE-5F7E15197D06}.Release|x86.ActiveCfg = Release|Win32
		{16E19888-DC17-48CF-87BE-5F7E15197D06}.Release|x86.Build.0 = Release|Win32
		{C08A2B89-D56F-417E-96EF-DB3836BC2F84}.Debug|x64.ActiveCfg = Debug|x64
		{C08A2B89-D56F-417E-96EF-DB3836BC2F84}.Debug|x64.Build.0 = Debug|x64
		{C08A2B89-D56F-417E-96EF-DB3836BC2F84}.Debug|x86.ActiveCfg = Debug|Win32
		{C08A2B89-D56F-417E-96EF-DB3836BC2F84}.Debug|x86.Build.0 = Debug|Win32
		{C08A2B89-D56F-417E-96EF-DB3836BC2F84}.Release|x64.ActiveCfg = Release|x64
		{C08A2B89-D56F-417E-96EF-DB3836BC2F84}.Release|x64.Build.0 = Release|x64
		{C08A2B89-D56F-417E-96EF-DB3836BC2F84}.Release|x86.ActiveCfg = Release|Win32
		{C08A2B89-D56F-417E-96EF-DB3836BC2F84}.Release|x86.Build.0 = Release|Win32
		{3942898B-D2A9-48D5-A571-D696CF103968}.Debug|x64.ActiveCfg = Debug|x64
		{3942898B-D2A9-48D5-A571-D696CF103968}.Debug|x64.Build.0 = Debug|x64
		{3942898B-D2A9-48D5-A571-D696CF103968}.Debug|x86.ActiveCfg = Debug|Win32
		{3942898B-D2A9-48D5-A571-D696CF103968}.Debug|x86.Build.0 = Debug|Win32
		{3942898B-D2A9-48D5-A571-D696CF103968}.Release|x64.ActiveCfg = Release|x64
		{3942898B-D2A9-48D5-A571-D696CF103968}.Release|x64.Build.0 = Release|x64
		{3942898B-D2A9-48D5-A571-D696CF103968}.Release|x86.ActiveCfg = Release|Win32
		{3942898B-D2A9-48D5-A571-D696CF103968}.Release|x86.Build.0 = Release|Win32
	EndGlobalSection
	GlobalSection(SolutionProperties) = preSolution
		HideSolutionNode = FALSE
	EndGlobalSection
	GlobalSection(ExtensibilityGlobals) = postSolution
		SolutionGuid = {E5780C84-2942-4D09-A387-E940FF3C35F9}
	EndGlobalSection
EndGlobal
